
Microsoft Visual Studio Solution File, Format Version 12.00
# Visual Studio Version 17
VisualStudioVersion = 17.11.35312.102
MinimumVisualStudioVersion = 10.0.40219.1
Project("{FAE04EC0-301F-11D3-BF4B-00C04F79EFBC}") = "TelkomLearn", "TelkomLearn\TelkomLearn.csproj", "{51251E2F-6D4E-4B5C-AEF0-1DFAA555652B}"
EndProject
Global
	GlobalSection(SolutionConfigurationPlatforms) = preSolution
		Debug|Any CPU = Debug|Any CPU
		Release|Any CPU = Release|Any CPU
	EndGlobalSection
	GlobalSection(ProjectConfigurationPlatforms) = postSolution
		{51251E2F-6D4E-4B5C-AEF0-1DFAA555652B}.Debug|Any CPU.ActiveCfg = Debug|Any CPU
		{51251E2F-6D4E-4B5C-AEF0-1DFAA555652B}.Debug|Any CPU.Build.0 = Debug|Any CPU
		{51251E2F-6D4E-4B5C-AEF0-1DFAA555652B}.Release|Any CPU.ActiveCfg = Release|Any CPU
		{51251E2F-6D4E-4B5C-AEF0-1DFAA555652B}.Release|Any CPU.Build.0 = Release|Any CPU
	EndGlobalSection
	GlobalSection(SolutionProperties) = preSolution
		HideSolutionNode = FALSE
	EndGlobalSection
	GlobalSection(ExtensibilityGlobals) = postSolution
		SolutionGuid = {2E09AA68-5AC9-44C2-BB0B-0DB11F7419E9}
	EndGlobalSection
EndGlobal
